
Microsoft Visual Studio Solution File, Format Version 12.00
# Visual Studio Version 17
VisualStudioVersion = 17.3.32819.101
MinimumVisualStudioVersion = 10.0.40219.1
Project("{888888A0-9F3D-457C-B088-3A5042F75D52}") = "Just a python project for studing", "Just a python project for studing\Just a python project for studing.pyproj", "{69E38800-6435-4374-818A-20EDF0200CCE}"
EndProject
Global
	GlobalSection(SolutionConfigurationPlatforms) = preSolution
		Debug|Any CPU = Debug|Any CPU
		Release|Any CPU = Release|Any CPU
	EndGlobalSection
	GlobalSection(ProjectConfigurationPlatforms) = postSolution
		{69E38800-6435-4374-818A-20EDF0200CCE}.Debug|Any CPU.ActiveCfg = Debug|Any CPU
		{69E38800-6435-4374-818A-20EDF0200CCE}.Release|Any CPU.ActiveCfg = Release|Any CPU
	EndGlobalSection
	GlobalSection(SolutionProperties) = preSolution
		HideSolutionNode = FALSE
	EndGlobalSection
	GlobalSection(ExtensibilityGlobals) = postSolution
		SolutionGuid = {53C02468-486C-473F-9417-88BF0CE5B8B2}
	EndGlobalSection
EndGlobal
